// !$*UTF8*$!
{
	archiveVersion = 1;
	classes = {
	};
	objectVersion = 55;
	objects = {

/* Begin PBXBuildFile section */
		49DEC5E528B459C4007CD8F6 /* TheAppApp.swift in Sources */ = {isa = PBXBuildFile; fileRef = 49DEC5E428B459C4007CD8F6 /* TheAppApp.swift */; };
		49DEC5E728B459C4007CD8F6 /* ContentView.swift in Sources */ = {isa = PBXBuildFile; fileRef = 49DEC5E628B459C4007CD8F6 /* ContentView.swift */; };
		49DEC5E928B459C5007CD8F6 /* Assets.xcassets in Resources */ = {isa = PBXBuildFile; fileRef = 49DEC5E828B459C5007CD8F6 /* Assets.xcassets */; };
		49DEC5EC28B459C5007CD8F6 /* Preview Assets.xcassets in Resources */ = {isa = PBXBuildFile; fileRef = 49DEC5EB28B459C5007CD8F6 /* Preview Assets.xcassets */; };
		49DEC5F628B459C5007CD8F6 /* TheAppTests.swift in Sources */ = {isa = PBXBuildFile; fileRef = 49DEC5F528B459C5007CD8F6 /* TheAppTests.swift */; };
		49DEC60028B459C5007CD8F6 /* TheAppUITests.swift in Sources */ = {isa = PBXBuildFile; fileRef = 49DEC5FF28B459C5007CD8F6 /* TheAppUITests.swift */; };
		49DEC60228B459C5007CD8F6 /* TheAppUITestsLaunchTests.swift in Sources */ = {isa = PBXBuildFile; fileRef = 49DEC60128B459C5007CD8F6 /* TheAppUITestsLaunchTests.swift */; };
/* End PBXBuildFile section */

/* Begin PBXContainerItemProxy section */
		49DEC5F228B459C5007CD8F6 /* PBXContainerItemProxy */ = {
			isa = PBXContainerItemProxy;
			containerPortal = 49DEC5D928B459C4007CD8F6 /* Project object */;
			proxyType = 1;
			remoteGlobalIDString = 49DEC5E028B459C4007CD8F6;
			remoteInfo = TheApp;
		};
		49DEC5FC28B459C5007CD8F6 /* PBXContainerItemProxy */ = {
			isa = PBXContainerItemProxy;
			containerPortal = 49DEC5D928B459C4007CD8F6 /* Project object */;
			proxyType = 1;
			remoteGlobalIDString = 49DEC5E028B459C4007CD8F6;
			remoteInfo = TheApp;
		};
/* End PBXContainerItemProxy section */

/* Begin PBXFileReference section */
		49DEC5E128B459C4007CD8F6 /* TheApp.app */ = {isa = PBXFileReference; explicitFileType = wrapper.application; includeInIndex = 0; path = TheApp.app; sourceTree = BUILT_PRODUCTS_DIR; };
		49DEC5E428B459C4007CD8F6 /* TheAppApp.swift */ = {isa = PBXFileReference; lastKnownFileType = sourcecode.swift; path = TheAppApp.swift; sourceTree = "<group>"; };
		49DEC5E628B459C4007CD8F6 /* ContentView.swift */ = {isa = PBXFileReference; lastKnownFileType = sourcecode.swift; path = ContentView.swift; sourceTree = "<group>"; };
		49DEC5E828B459C5007CD8F6 /* Assets.xcassets */ = {isa = PBXFileReference; lastKnownFileType = folder.assetcatalog; path = Assets.xcassets; sourceTree = "<group>"; };
		49DEC5EB28B459C5007CD8F6 /* Preview Assets.xcassets */ = {isa = PBXFileReference; lastKnownFileType = folder.assetcatalog; path = "Preview Assets.xcassets"; sourceTree = "<group>"; };
		49DEC5F128B459C5007CD8F6 /* TheAppTests.xctest */ = {isa = PBXFileReference; explicitFileType = wrapper.cfbundle; includeInIndex = 0; path = TheAppTests.xctest; sourceTree = BUILT_PRODUCTS_DIR; };
		49DEC5F528B459C5007CD8F6 /* TheAppTests.swift */ = {isa = PBXFileReference; lastKnownFileType = sourcecode.swift; path = TheAppTests.swift; sourceTree = "<group>"; };
		49DEC5FB28B459C5007CD8F6 /* TheAppUITests.xctest */ = {isa = PBXFileReference; explicitFileType = wrapper.cfbundle; includeInIndex = 0; path = TheAppUITests.xctest; sourceTree = BUILT_PRODUCTS_DIR; };
		49DEC5FF28B459C5007CD8F6 /* TheAppUITests.swift */ = {isa = PBXFileReference; lastKnownFileType = sourcecode.swift; path = TheAppUITests.swift; sourceTree = "<group>"; };
		49DEC60128B459C5007CD8F6 /* TheAppUITestsLaunchTests.swift */ = {isa = PBXFileReference; lastKnownFileType = sourcecode.swift; path = TheAppUITestsLaunchTests.swift; sourceTree = "<group>"; };
/* End PBXFileReference section */

/* Begin PBXFrameworksBuildPhase section */
		49DEC5DE28B459C4007CD8F6 /* Frameworks */ = {
			isa = PBXFrameworksBuildPhase;
			buildActionMask = 2147483647;
			files = (
			);
			runOnlyForDeploymentPostprocessing = 0;
		};
		49DEC5EE28B459C5007CD8F6 /* Frameworks */ = {
			isa = PBXFrameworksBuildPhase;
			buildActionMask = 2147483647;
			files = (
			);
			runOnlyForDeploymentPostprocessing = 0;
		};
		49DEC5F828B459C5007CD8F6 /* Frameworks */ = {
			isa = PBXFrameworksBuildPhase;
			buildActionMask = 2147483647;
			files = (
			);
			runOnlyForDeploymentPostprocessing = 0;
		};
/* End PBXFrameworksBuildPhase section */

/* Begin PBXGroup section */
		49DEC5D828B459C4007CD8F6 = {
			isa = PBXGroup;
			children = (
				49DEC5E328B459C4007CD8F6 /* TheApp */,
				49DEC5F428B459C5007CD8F6 /* TheAppTests */,
				49DEC5FE28B459C5007CD8F6 /* TheAppUITests */,
				49DEC5E228B459C4007CD8F6 /* Products */,
			);
			sourceTree = "<group>";
		};
		49DEC5E228B459C4007CD8F6 /* Products */ = {
			isa = PBXGroup;
			children = (
				49DEC5E128B459C4007CD8F6 /* TheApp.app */,
				49DEC5F128B459C5007CD8F6 /* TheAppTests.xctest */,
				49DEC5FB28B459C5007CD8F6 /* TheAppUITests.xctest */,
			);
			name = Products;
			sourceTree = "<group>";
		};
		49DEC5E328B459C4007CD8F6 /* TheApp */ = {
			isa = PBXGroup;
			children = (
				49DEC5E428B459C4007CD8F6 /* TheAppApp.swift */,
				49DEC5E628B459C4007CD8F6 /* ContentView.swift */,
				49DEC5E828B459C5007CD8F6 /* Assets.xcassets */,
				49DEC5EA28B459C5007CD8F6 /* Preview Content */,
			);
			path = TheApp;
			sourceTree = "<group>";
		};
		49DEC5EA28B459C5007CD8F6 /* Preview Content */ = {
			isa = PBXGroup;
			children = (
				49DEC5EB28B459C5007CD8F6 /* Preview Assets.xcassets */,
			);
			path = "Preview Content";
			sourceTree = "<group>";
		};
		49DEC5F428B459C5007CD8F6 /* TheAppTests */ = {
			isa = PBXGroup;
			children = (
				49DEC5F528B459C5007CD8F6 /* TheAppTests.swift */,
			);
			path = TheAppTests;
			sourceTree = "<group>";
		};
		49DEC5FE28B459C5007CD8F6 /* TheAppUITests */ = {
			isa = PBXGroup;
			children = (
				49DEC5FF28B459C5007CD8F6 /* TheAppUITests.swift */,
				49DEC60128B459C5007CD8F6 /* TheAppUITestsLaunchTests.swift */,
			);
			path = TheAppUITests;
			sourceTree = "<group>";
		};
/* End PBXGroup section */

/* Begin PBXNativeTarget section */
		49DEC5E028B459C4007CD8F6 /* TheApp */ = {
			isa = PBXNativeTarget;
			buildConfigurationList = 49DEC60528B459C5007CD8F6 /* Build configuration list for PBXNativeTarget "TheApp" */;
			buildPhases = (
				49DEC5DD28B459C4007CD8F6 /* Sources */,
				49DEC5DE28B459C4007CD8F6 /* Frameworks */,
				49DEC5DF28B459C4007CD8F6 /* Resources */,
			);
			buildRules = (
			);
			dependencies = (
			);
			name = TheApp;
			productName = TheApp;
			productReference = 49DEC5E128B459C4007CD8F6 /* TheApp.app */;
			productType = "com.apple.product-type.application";
		};
		49DEC5F028B459C5007CD8F6 /* TheAppTests */ = {
			isa = PBXNativeTarget;
			buildConfigurationList = 49DEC60828B459C5007CD8F6 /* Build configuration list for PBXNativeTarget "TheAppTests" */;
			buildPhases = (
				49DEC5ED28B459C5007CD8F6 /* Sources */,
				49DEC5EE28B459C5007CD8F6 /* Frameworks */,
				49DEC5EF28B459C5007CD8F6 /* Resources */,
			);
			buildRules = (
			);
			dependencies = (
				49DEC5F328B459C5007CD8F6 /* PBXTargetDependency */,
			);
			name = TheAppTests;
			productName = TheAppTests;
			productReference = 49DEC5F128B459C5007CD8F6 /* TheAppTests.xctest */;
			productType = "com.apple.product-type.bundle.unit-test";
		};
		49DEC5FA28B459C5007CD8F6 /* TheAppUITests */ = {
			isa = PBXNativeTarget;
			buildConfigurationList = 49DEC60B28B459C5007CD8F6 /* Build configuration list for PBXNativeTarget "TheAppUITests" */;
			buildPhases = (
				49DEC5F728B459C5007CD8F6 /* Sources */,
				49DEC5F828B459C5007CD8F6 /* Frameworks */,
				49DEC5F928B459C5007CD8F6 /* Resources */,
			);
			buildRules = (
			);
			dependencies = (
				49DEC5FD28B459C5007CD8F6 /* PBXTargetDependency */,
			);
			name = TheAppUITests;
			productName = TheAppUITests;
			productReference = 49DEC5FB28B459C5007CD8F6 /* TheAppUITests.xctest */;
			productType = "com.apple.product-type.bundle.ui-testing";
		};
/* End PBXNativeTarget section */

/* Begin PBXProject section */
		49DEC5D928B459C4007CD8F6 /* Project object */ = {
			isa = PBXProject;
			attributes = {
				BuildIndependentTargetsInParallel = 1;
				LastSwiftUpdateCheck = 1340;
				LastUpgradeCheck = 1340;
				TargetAttributes = {
					49DEC5E028B459C4007CD8F6 = {
						CreatedOnToolsVersion = 13.4.1;
					};
					49DEC5F028B459C5007CD8F6 = {
						CreatedOnToolsVersion = 13.4.1;
						TestTargetID = 49DEC5E028B459C4007CD8F6;
					};
					49DEC5FA28B459C5007CD8F6 = {
						CreatedOnToolsVersion = 13.4.1;
						TestTargetID = 49DEC5E028B459C4007CD8F6;
					};
				};
			};
			buildConfigurationList = 49DEC5DC28B459C4007CD8F6 /* Build configuration list for PBXProject "TheApp" */;
			compatibilityVersion = "Xcode 13.0";
			developmentRegion = en;
			hasScannedForEncodings = 0;
			knownRegions = (
				en,
				Base,
			);
			mainGroup = 49DEC5D828B459C4007CD8F6;
			productRefGroup = 49DEC5E228B459C4007CD8F6 /* Products */;
			projectDirPath = "";
			projectRoot = "";
			targets = (
				49DEC5E028B459C4007CD8F6 /* TheApp */,
				49DEC5F028B459C5007CD8F6 /* TheAppTests */,
				49DEC5FA28B459C5007CD8F6 /* TheAppUITests */,
			);
		};
/* End PBXProject section */

/* Begin PBXResourcesBuildPhase section */
		49DEC5DF28B459C4007CD8F6 /* Resources */ = {
			isa = PBXResourcesBuildPhase;
			buildActionMask = 2147483647;
			files = (
				49DEC5EC28B459C5007CD8F6 /* Preview Assets.xcassets in Resources */,
				49DEC5E928B459C5007CD8F6 /* Assets.xcassets in Resources */,
			);
			runOnlyForDeploymentPostprocessing = 0;
		};
		49DEC5EF28B459C5007CD8F6 /* Resources */ = {
			isa = PBXResourcesBuildPhase;
			buildActionMask = 2147483647;
			files = (
			);
			runOnlyForDeploymentPostprocessing = 0;
		};
		49DEC5F928B459C5007CD8F6 /* Resources */ = {
			isa = PBXResourcesBuildPhase;
			buildActionMask = 2147483647;
			files = (
			);
			runOnlyForDeploymentPostprocessing = 0;
		};
/* End PBXResourcesBuildPhase section */

/* Begin PBXSourcesBuildPhase section */
		49DEC5DD28B459C4007CD8F6 /* Sources */ = {
			isa = PBXSourcesBuildPhase;
			buildActionMask = 2147483647;
			files = (
				49DEC5E728B459C4007CD8F6 /* ContentView.swift in Sources */,
				49DEC5E528B459C4007CD8F6 /* TheAppApp.swift in Sources */,
			);
			runOnlyForDeploymentPostprocessing = 0;
		};
		49DEC5ED28B459C5007CD8F6 /* Sources */ = {
			isa = PBXSourcesBuildPhase;
			buildActionMask = 2147483647;
			files = (
				49DEC5F628B459C5007CD8F6 /* TheAppTests.swift in Sources */,
			);
			runOnlyForDeploymentPostprocessing = 0;
		};
		49DEC5F728B459C5007CD8F6 /* Sources */ = {
			isa = PBXSourcesBuildPhase;
			buildActionMask = 2147483647;
			files = (
				49DEC60228B459C5007CD8F6 /* TheAppUITestsLaunchTests.swift in Sources */,
				49DEC60028B459C5007CD8F6 /* TheAppUITests.swift in Sources */,
			);
			runOnlyForDeploymentPostprocessing = 0;
		};
/* End PBXSourcesBuildPhase section */

/* Begin PBXTargetDependency section */
		49DEC5F328B459C5007CD8F6 /* PBXTargetDependency */ = {
			isa = PBXTargetDependency;
			target = 49DEC5E028B459C4007CD8F6 /* TheApp */;
			targetProxy = 49DEC5F228B459C5007CD8F6 /* PBXContainerItemProxy */;
		};
		49DEC5FD28B459C5007CD8F6 /* PBXTargetDependency */ = {
			isa = PBXTargetDependency;
			target = 49DEC5E028B459C4007CD8F6 /* TheApp */;
			targetProxy = 49DEC5FC28B459C5007CD8F6 /* PBXContainerItemProxy */;
		};
/* End PBXTargetDependency section */

/* Begin XCBuildConfiguration section */
		49DEC60328B459C5007CD8F6 /* Debug */ = {
			isa = XCBuildConfiguration;
			buildSettings = {
				ALWAYS_SEARCH_USER_PATHS = NO;
				CLANG_ANALYZER_NONNULL = YES;
				CLANG_ANALYZER_NUMBER_OBJECT_CONVERSION = YES_AGGRESSIVE;
				CLANG_CXX_LANGUAGE_STANDARD = "gnu++17";
				CLANG_ENABLE_MODULES = YES;
				CLANG_ENABLE_OBJC_ARC = YES;
				CLANG_ENABLE_OBJC_WEAK = YES;
				CLANG_WARN_BLOCK_CAPTURE_AUTORELEASING = YES;
				CLANG_WARN_BOOL_CONVERSION = YES;
				CLANG_WARN_COMMA = YES;
				CLANG_WARN_CONSTANT_CONVERSION = YES;
				CLANG_WARN_DEPRECATED_OBJC_IMPLEMENTATIONS = YES;
				CLANG_WARN_DIRECT_OBJC_ISA_USAGE = YES_ERROR;
				CLANG_WARN_DOCUMENTATION_COMMENTS = YES;
				CLANG_WARN_EMPTY_BODY = YES;
				CLANG_WARN_ENUM_CONVERSION = YES;
				CLANG_WARN_INFINITE_RECURSION = YES;
				CLANG_WARN_INT_CONVERSION = YES;
				CLANG_WARN_NON_LITERAL_NULL_CONVERSION = YES;
				CLANG_WARN_OBJC_IMPLICIT_RETAIN_SELF = YES;
				CLANG_WARN_OBJC_LITERAL_CONVERSION = YES;
				CLANG_WARN_OBJC_ROOT_CLASS = YES_ERROR;
				CLANG_WARN_QUOTED_INCLUDE_IN_FRAMEWORK_HEADER = YES;
				CLANG_WARN_RANGE_LOOP_ANALYSIS = YES;
				CLANG_WARN_STRICT_PROTOTYPES = YES;
				CLANG_WARN_SUSPICIOUS_MOVE = YES;
				CLANG_WARN_UNGUARDED_AVAILABILITY = YES_AGGRESSIVE;
				CLANG_WARN_UNREACHABLE_CODE = YES;
				CLANG_WARN__DUPLICATE_METHOD_MATCH = YES;
				COPY_PHASE_STRIP = NO;
				DEBUG_INFORMATION_FORMAT = dwarf;
				ENABLE_STRICT_OBJC_MSGSEND = YES;
				ENABLE_TESTABILITY = YES;
				GCC_C_LANGUAGE_STANDARD = gnu11;
				GCC_DYNAMIC_NO_PIC = NO;
				GCC_NO_COMMON_BLOCKS = YES;
				GCC_OPTIMIZATION_LEVEL = 0;
				GCC_PREPROCESSOR_DEFINITIONS = (
					"DEBUG=1",
					"$(inherited)",
				);
				GCC_WARN_64_TO_32_BIT_CONVERSION = YES;
				GCC_WARN_ABOUT_RETURN_TYPE = YES_ERROR;
				GCC_WARN_UNDECLARED_SELECTOR = YES;
				GCC_WARN_UNINITIALIZED_AUTOS = YES_AGGRESSIVE;
				GCC_WARN_UNUSED_FUNCTION = YES;
				GCC_WARN_UNUSED_VARIABLE = YES;
				IPHONEOS_DEPLOYMENT_TARGET = 15.5;
				MTL_ENABLE_DEBUG_INFO = INCLUDE_SOURCE;
				MTL_FAST_MATH = YES;
				ONLY_ACTIVE_ARCH = YES;
				SDKROOT = iphoneos;
				SWIFT_ACTIVE_COMPILATION_CONDITIONS = DEBUG;
				SWIFT_OPTIMIZATION_LEVEL = "-Onone";
			};
			name = Debug;
		};
		49DEC60428B459C5007CD8F6 /* Release */ = {
			isa = XCBuildConfiguration;
			buildSettings = {
				ALWAYS_SEARCH_USER_PATHS = NO;
				CLANG_ANALYZER_NONNULL = YES;
				CLANG_ANALYZER_NUMBER_OBJECT_CONVERSION = YES_AGGRESSIVE;
				CLANG_CXX_LANGUAGE_STANDARD = "gnu++17";
				CLANG_ENABLE_MODULES = YES;
				CLANG_ENABLE_OBJC_ARC = YES;
				CLANG_ENABLE_OBJC_WEAK = YES;
				CLANG_WARN_BLOCK_CAPTURE_AUTORELEASING = YES;
				CLANG_WARN_BOOL_CONVERSION = YES;
				CLANG_WARN_COMMA = YES;
				CLANG_WARN_CONSTANT_CONVERSION = YES;
				CLANG_WARN_DEPRECATED_OBJC_IMPLEMENTATIONS = YES;
				CLANG_WARN_DIRECT_OBJC_ISA_USAGE = YES_ERROR;
				CLANG_WARN_DOCUMENTATION_COMMENTS = YES;
				CLANG_WARN_EMPTY_BODY = YES;
				CLANG_WARN_ENUM_CONVERSION = YES;
				CLANG_WARN_INFINITE_RECURSION = YES;
				CLANG_WARN_INT_CONVERSION = YES;
				CLANG_WARN_NON_LITERAL_NULL_CONVERSION = YES;
				CLANG_WARN_OBJC_IMPLICIT_RETAIN_SELF = YES;
				CLANG_WARN_OBJC_LITERAL_CONVERSION = YES;
				CLANG_WARN_OBJC_ROOT_CLASS = YES_ERROR;
				CLANG_WARN_QUOTED_INCLUDE_IN_FRAMEWORK_HEADER = YES;
				CLANG_WARN_RANGE_LOOP_ANALYSIS = YES;
				CLANG_WARN_STRICT_PROTOTYPES = YES;
				CLANG_WARN_SUSPICIOUS_MOVE = YES;
				CLANG_WARN_UNGUARDED_AVAILABILITY = YES_AGGRESSIVE;
				CLANG_WARN_UNREACHABLE_CODE = YES;
				CLANG_WARN__DUPLICATE_METHOD_MATCH = YES;
				COPY_PHASE_STRIP = NO;
				DEBUG_INFORMATION_FORMAT = "dwarf-with-dsym";
				ENABLE_NS_ASSERTIONS = NO;
				ENABLE_STRICT_OBJC_MSGSEND = YES;
				GCC_C_LANGUAGE_STANDARD = gnu11;
				GCC_NO_COMMON_BLOCKS = YES;
				GCC_WARN_64_TO_32_BIT_CONVERSION = YES;
				GCC_WARN_ABOUT_RETURN_TYPE = YES_ERROR;
				GCC_WARN_UNDECLARED_SELECTOR = YES;
				GCC_WARN_UNINITIALIZED_AUTOS = YES_AGGRESSIVE;
				GCC_WARN_UNUSED_FUNCTION = YES;
				GCC_WARN_UNUSED_VARIABLE = YES;
				IPHONEOS_DEPLOYMENT_TARGET = 15.5;
				MTL_ENABLE_DEBUG_INFO = NO;
				MTL_FAST_MATH = YES;
				SDKROOT = iphoneos;
				SWIFT_COMPILATION_MODE = wholemodule;
				SWIFT_OPTIMIZATION_LEVEL = "-O";
				VALIDATE_PRODUCT = YES;
			};
			name = Release;
		};
		49DEC60628B459C5007CD8F6 /* Debug */ = {
			isa = XCBuildConfiguration;
			buildSettings = {
				ASSETCATALOG_COMPILER_APPICON_NAME = AppIcon;
				ASSETCATALOG_COMPILER_GLOBAL_ACCENT_COLOR_NAME = AccentColor;
				CODE_SIGN_STYLE = Automatic;
				CURRENT_PROJECT_VERSION = 1;
				DEVELOPMENT_ASSET_PATHS = "\"TheApp/Preview Content\"";
				DEVELOPMENT_TEAM = FQWLC2GT2F;
				ENABLE_PREVIEWS = YES;
				GENERATE_INFOPLIST_FILE = YES;
				INFOPLIST_KEY_UIApplicationSceneManifest_Generation = YES;
				INFOPLIST_KEY_UIApplicationSupportsIndirectInputEvents = YES;
				INFOPLIST_KEY_UILaunchScreen_Generation = YES;
				INFOPLIST_KEY_UISupportedInterfaceOrientations_iPad = "UIInterfaceOrientationPortrait UIInterfaceOrientationPortraitUpsideDown UIInterfaceOrientationLandscapeLeft UIInterfaceOrientationLandscapeRight";
				INFOPLIST_KEY_UISupportedInterfaceOrientations_iPhone = "UIInterfaceOrientationPortrait UIInterfaceOrientationLandscapeLeft UIInterfaceOrientationLandscapeRight";
				LD_RUNPATH_SEARCH_PATHS = (
					"$(inherited)",
					"@executable_path/Frameworks",
				);
				MARKETING_VERSION = 1.0;
				PRODUCT_BUNDLE_IDENTIFIER = com.AndrewBeshay.TheApp;
				PRODUCT_NAME = "$(TARGET_NAME)";
				SWIFT_EMIT_LOC_STRINGS = YES;
				SWIFT_VERSION = 5.0;
				TARGETED_DEVICE_FAMILY = "1,2";
			};
			name = Debug;
		};
		49DEC60728B459C5007CD8F6 /* Release */ = {
			isa = XCBuildConfiguration;
			buildSettings = {
				ASSETCATALOG_COMPILER_APPICON_NAME = AppIcon;
				ASSETCATALOG_COMPILER_GLOBAL_ACCENT_COLOR_NAME = AccentColor;
				CODE_SIGN_STYLE = Automatic;
				CURRENT_PROJECT_VERSION = 1;
				DEVELOPMENT_ASSET_PATHS = "\"TheApp/Preview Content\"";
				DEVELOPMENT_TEAM = FQWLC2GT2F;
				ENABLE_PREVIEWS = YES;
				GENERATE_INFOPLIST_FILE = YES;
				INFOPLIST_KEY_UIApplicationSceneManifest_Generation = YES;
				INFOPLIST_KEY_UIApplicationSupportsIndirectInputEvents = YES;
				INFOPLIST_KEY_UILaunchScreen_Generation = YES;
				INFOPLIST_KEY_UISupportedInterfaceOrientations_iPad = "UIInterfaceOrientationPortrait UIInterfaceOrientationPortraitUpsideDown UIInterfaceOrientationLandscapeLeft UIInterfaceOrientationLandscapeRight";
				INFOPLIST_KEY_UISupportedInterfaceOrientations_iPhone = "UIInterfaceOrientationPortrait UIInterfaceOrientationLandscapeLeft UIInterfaceOrientationLandscapeRight";
				LD_RUNPATH_SEARCH_PATHS = (
					"$(inherited)",
					"@executable_path/Frameworks",
				);
				MARKETING_VERSION = 1.0;
				PRODUCT_BUNDLE_IDENTIFIER = com.AndrewBeshay.TheApp;
				PRODUCT_NAME = "$(TARGET_NAME)";
				SWIFT_EMIT_LOC_STRINGS = YES;
				SWIFT_VERSION = 5.0;
				TARGETED_DEVICE_FAMILY = "1,2";
			};
			name = Release;
		};
		49DEC60928B459C5007CD8F6 /* Debug */ = {
			isa = XCBuildConfiguration;
			buildSettings = {
				ALWAYS_EMBED_SWIFT_STANDARD_LIBRARIES = YES;
				BUNDLE_LOADER = "$(TEST_HOST)";
				CODE_SIGN_STYLE = Automatic;
				CURRENT_PROJECT_VERSION = 1;
				DEVELOPMENT_TEAM = FQWLC2GT2F;
				GENERATE_INFOPLIST_FILE = YES;
				IPHONEOS_DEPLOYMENT_TARGET = 15.5;
				MARKETING_VERSION = 1.0;
				PRODUCT_BUNDLE_IDENTIFIER = com.AndrewBeshay.TheAppTests;
				PRODUCT_NAME = "$(TARGET_NAME)";
				SWIFT_EMIT_LOC_STRINGS = NO;
				SWIFT_VERSION = 5.0;
				TARGETED_DEVICE_FAMILY = "1,2";
				TEST_HOST = "$(BUILT_PRODUCTS_DIR)/TheApp.app/TheApp";
			};
			name = Debug;
		};
		49DEC60A28B459C5007CD8F6 /* Release */ = {
			isa = XCBuildConfiguration;
			buildSettings = {
				ALWAYS_EMBED_SWIFT_STANDARD_LIBRARIES = YES;
				BUNDLE_LOADER = "$(TEST_HOST)";
				CODE_SIGN_STYLE = Automatic;
				CURRENT_PROJECT_VERSION = 1;
				DEVELOPMENT_TEAM = FQWLC2GT2F;
				GENERATE_INFOPLIST_FILE = YES;
				IPHONEOS_DEPLOYMENT_TARGET = 15.5;
				MARKETING_VERSION = 1.0;
				PRODUCT_BUNDLE_IDENTIFIER = com.AndrewBeshay.TheAppTests;
				PRODUCT_NAME = "$(TARGET_NAME)";
				SWIFT_EMIT_LOC_STRINGS = NO;
				SWIFT_VERSION = 5.0;
				TARGETED_DEVICE_FAMILY = "1,2";
				TEST_HOST = "$(BUILT_PRODUCTS_DIR)/TheApp.app/TheApp";
			};
			name = Release;
		};
		49DEC60C28B459C5007CD8F6 /* Debug */ = {
			isa = XCBuildConfiguration;
			buildSettings = {
				ALWAYS_EMBED_SWIFT_STANDARD_LIBRARIES = YES;
				CODE_SIGN_STYLE = Automatic;
				CURRENT_PROJECT_VERSION = 1;
				DEVELOPMENT_TEAM = FQWLC2GT2F;
				GENERATE_INFOPLIST_FILE = YES;
				MARKETING_VERSION = 1.0;
				PRODUCT_BUNDLE_IDENTIFIER = com.AndrewBeshay.TheAppUITests;
				PRODUCT_NAME = "$(TARGET_NAME)";
				SWIFT_EMIT_LOC_STRINGS = NO;
				SWIFT_VERSION = 5.0;
				TARGETED_DEVICE_FAMILY = "1,2";
				TEST_TARGET_NAME = TheApp;
			};
			name = Debug;
		};
		49DEC60D28B459C5007CD8F6 /* Release */ = {
			isa = XCBuildConfiguration;
			buildSettings = {
				ALWAYS_EMBED_SWIFT_STANDARD_LIBRARIES = YES;
				CODE_SIGN_STYLE = Automatic;
				CURRENT_PROJECT_VERSION = 1;
				DEVELOPMENT_TEAM = FQWLC2GT2F;
				GENERATE_INFOPLIST_FILE = YES;
				MARKETING_VERSION = 1.0;
				PRODUCT_BUNDLE_IDENTIFIER = com.AndrewBeshay.TheAppUITests;
				PRODUCT_NAME = "$(TARGET_NAME)";
				SWIFT_EMIT_LOC_STRINGS = NO;
				SWIFT_VERSION = 5.0;
				TARGETED_DEVICE_FAMILY = "1,2";
				TEST_TARGET_NAME = TheApp;
			};
			name = Release;
		};
/* End XCBuildConfiguration section */

/* Begin XCConfigurationList section */
		49DEC5DC28B459C4007CD8F6 /* Build configuration list for PBXProject "TheApp" */ = {
			isa = XCConfigurationList;
			buildConfigurations = (
				49DEC60328B459C5007CD8F6 /* Debug */,
				49DEC60428B459C5007CD8F6 /* Release */,
			);
			defaultConfigurationIsVisible = 0;
			defaultConfigurationName = Release;
		};
		49DEC60528B459C5007CD8F6 /* Build configuration list for PBXNativeTarget "TheApp" */ = {
			isa = XCConfigurationList;
			buildConfigurations = (
				49DEC60628B459C5007CD8F6 /* Debug */,
				49DEC60728B459C5007CD8F6 /* Release */,
			);
			defaultConfigurationIsVisible = 0;
			defaultConfigurationName = Release;
		};
		49DEC60828B459C5007CD8F6 /* Build configuration list for PBXNativeTarget "TheAppTests" */ = {
			isa = XCConfigurationList;
			buildConfigurations = (
				49DEC60928B459C5007CD8F6 /* Debug */,
				49DEC60A28B459C5007CD8F6 /* Release */,
			);
			defaultConfigurationIsVisible = 0;
			defaultConfigurationName = Release;
		};
		49DEC60B28B459C5007CD8F6 /* Build configuration list for PBXNativeTarget "TheAppUITests" */ = {
			isa = XCConfigurationList;
			buildConfigurations = (
				49DEC60C28B459C5007CD8F6 /* Debug */,
				49DEC60D28B459C5007CD8F6 /* Release */,
			);
			defaultConfigurationIsVisible = 0;
			defaultConfigurationName = Release;
		};
/* End XCConfigurationList section */
	};
	rootObject = 49DEC5D928B459C4007CD8F6 /* Project object */;
}
